
Microsoft Visual Studio Solution File, Format Version 12.00
# Visual Studio Version 17
VisualStudioVersion = 17.0.32112.339
MinimumVisualStudioVersion = 10.0.40219.1
Project("{FAE04EC0-301F-11D3-BF4B-00C04F79EFBC}") = "PolygonApp.Android", "MobileUI\MobileUI.Android\PolygonApp.Android.csproj", "{0208E3EA-264A-4A3A-A4E0-B0D48D44E44E}"
EndProject
Project("{FAE04EC0-301F-11D3-BF4B-00C04F79EFBC}") = "PolygonApp.iOS", "MobileUI\MobileUI.iOS\PolygonApp.iOS.csproj", "{61880D02-6641-4763-8C60-6FBC48AF19BB}"
EndProject
Project("{9A19103F-16F7-4668-BE54-9A1E7A4F7556}") = "PolygonApp", "MobileUI\MobileUI\PolygonApp.csproj", "{232BDE62-1BC0-4E3D-B1C4-CCB23DFABB7C}"
EndProject
Global
	GlobalSection(SolutionConfigurationPlatforms) = preSolution
		Debug|Any CPU = Debug|Any CPU
		Debug|iPhone = Debug|iPhone
		Debug|iPhoneSimulator = Debug|iPhoneSimulator
		Release|Any CPU = Release|Any CPU
		Release|iPhone = Release|iPhone
		Release|iPhoneSimulator = Release|iPhoneSimulator
	EndGlobalSection
	GlobalSection(ProjectConfigurationPlatforms) = postSolution
		{0208E3EA-264A-4A3A-A4E0-B0D48D44E44E}.Debug|Any CPU.ActiveCfg = Debug|Any CPU
		{0208E3EA-264A-4A3A-A4E0-B0D48D44E44E}.Debug|Any CPU.Build.0 = Debug|Any CPU
		{0208E3EA-264A-4A3A-A4E0-B0D48D44E44E}.Debug|Any CPU.Deploy.0 = Debug|Any CPU
		{0208E3EA-264A-4A3A-A4E0-B0D48D44E44E}.Debug|iPhone.ActiveCfg = Debug|Any CPU
		{0208E3EA-264A-4A3A-A4E0-B0D48D44E44E}.Debug|iPhone.Build.0 = Debug|Any CPU
		{0208E3EA-264A-4A3A-A4E0-B0D48D44E44E}.Debug|iPhone.Deploy.0 = Debug|Any CPU
		{0208E3EA-264A-4A3A-A4E0-B0D48D44E44E}.Debug|iPhoneSimulator.ActiveCfg = Debug|Any CPU
		{0208E3EA-264A-4A3A-A4E0-B0D48D44E44E}.Debug|iPhoneSimulator.Build.0 = Debug|Any CPU
		{0208E3EA-264A-4A3A-A4E0-B0D48D44E44E}.Debug|iPhoneSimulator.Deploy.0 = Debug|Any CPU
		{0208E3EA-264A-4A3A-A4E0-B0D48D44E44E}.Release|Any CPU.ActiveCfg = Release|Any CPU
		{0208E3EA-264A-4A3A-A4E0-B0D48D44E44E}.Release|Any CPU.Build.0 = Release|Any CPU
		{0208E3EA-264A-4A3A-A4E0-B0D48D44E44E}.Release|Any CPU.Deploy.0 = Release|Any CPU
		{0208E3EA-264A-4A3A-A4E0-B0D48D44E44E}.Release|iPhone.ActiveCfg = Release|Any CPU
		{0208E3EA-264A-4A3A-A4E0-B0D48D44E44E}.Release|iPhone.Build.0 = Release|Any CPU
		{0208E3EA-264A-4A3A-A4E0-B0D48D44E44E}.Release|iPhone.Deploy.0 = Release|Any CPU
		{0208E3EA-264A-4A3A-A4E0-B0D48D44E44E}.Release|iPhoneSimulator.ActiveCfg = Release|Any CPU
		{0208E3EA-264A-4A3A-A4E0-B0D48D44E44E}.Release|iPhoneSimulator.Build.0 = Release|Any CPU
		{0208E3EA-264A-4A3A-A4E0-B0D48D44E44E}.Release|iPhoneSimulator.Deploy.0 = Release|Any CPU
		{61880D02-6641-4763-8C60-6FBC48AF19BB}.Debug|Any CPU.ActiveCfg = Debug|iPhone
		{61880D02-6641-4763-8C60-6FBC48AF19BB}.Debug|Any CPU.Build.0 = Debug|iPhone
		{61880D02-6641-4763-8C60-6FBC48AF19BB}.Debug|Any CPU.Deploy.0 = Debug|iPhone
		{61880D02-6641-4763-8C60-6FBC48AF19BB}.Debug|iPhone.ActiveCfg = Debug|iPhone
		{61880D02-6641-4763-8C60-6FBC48AF19BB}.Debug|iPhone.Build.0 = Debug|iPhone
		{61880D02-6641-4763-8C60-6FBC48AF19BB}.Debug|iPhone.Deploy.0 = Debug|iPhone
		{61880D02-6641-4763-8C60-6FBC48AF19BB}.Debug|iPhoneSimulator.ActiveCfg = Debug|iPhoneSimulator
		{61880D02-6641-4763-8C60-6FBC48AF19BB}.Debug|iPhoneSimulator.Build.0 = Debug|iPhoneSimulator
		{61880D02-6641-4763-8C60-6FBC48AF19BB}.Debug|iPhoneSimulator.Deploy.0 = Debug|iPhoneSimulator
		{61880D02-6641-4763-8C60-6FBC48AF19BB}.Release|Any CPU.ActiveCfg = Release|iPhoneSimulator
		{61880D02-6641-4763-8C60-6FBC48AF19BB}.Release|Any CPU.Build.0 = Release|iPhoneSimulator
		{61880D02-6641-4763-8C60-6FBC48AF19BB}.Release|Any CPU.Deploy.0 = Release|iPhoneSimulator
		{61880D02-6641-4763-8C60-6FBC48AF19BB}.Release|iPhone.ActiveCfg = Release|iPhone
		{61880D02-6641-4763-8C60-6FBC48AF19BB}.Release|iPhone.Build.0 = Release|iPhone
		{61880D02-6641-4763-8C60-6FBC48AF19BB}.Release|iPhone.Deploy.0 = Release|iPhone
		{61880D02-6641-4763-8C60-6FBC48AF19BB}.Release|iPhoneSimulator.ActiveCfg = Release|iPhoneSimulator
		{61880D02-6641-4763-8C60-6FBC48AF19BB}.Release|iPhoneSimulator.Build.0 = Release|iPhoneSimulator
		{61880D02-6641-4763-8C60-6FBC48AF19BB}.Release|iPhoneSimulator.Deploy.0 = Release|iPhoneSimulator
		{232BDE62-1BC0-4E3D-B1C4-CCB23DFABB7C}.Debug|Any CPU.ActiveCfg = Debug|Any CPU
		{232BDE62-1BC0-4E3D-B1C4-CCB23DFABB7C}.Debug|Any CPU.Build.0 = Debug|Any CPU
		{232BDE62-1BC0-4E3D-B1C4-CCB23DFABB7C}.Debug|Any CPU.Deploy.0 = Debug|Any CPU
		{232BDE62-1BC0-4E3D-B1C4-CCB23DFABB7C}.Debug|iPhone.ActiveCfg = Debug|Any CPU
		{232BDE62-1BC0-4E3D-B1C4-CCB23DFABB7C}.Debug|iPhone.Build.0 = Debug|Any CPU
		{232BDE62-1BC0-4E3D-B1C4-CCB23DFABB7C}.Debug|iPhone.Deploy.0 = Debug|Any CPU
		{232BDE62-1BC0-4E3D-B1C4-CCB23DFABB7C}.Debug|iPhoneSimulator.ActiveCfg = Debug|Any CPU
		{232BDE62-1BC0-4E3D-B1C4-CCB23DFABB7C}.Debug|iPhoneSimulator.Build.0 = Debug|Any CPU
		{232BDE62-1BC0-4E3D-B1C4-CCB23DFABB7C}.Debug|iPhoneSimulator.Deploy.0 = Debug|Any CPU
		{232BDE62-1BC0-4E3D-B1C4-CCB23DFABB7C}.Release|Any CPU.ActiveCfg = Release|Any CPU
		{232BDE62-1BC0-4E3D-B1C4-CCB23DFABB7C}.Release|Any CPU.Build.0 = Release|Any CPU
		{232BDE62-1BC0-4E3D-B1C4-CCB23DFABB7C}.Release|Any CPU.Deploy.0 = Release|Any CPU
		{232BDE62-1BC0-4E3D-B1C4-CCB23DFABB7C}.Release|iPhone.ActiveCfg = Release|Any CPU
		{232BDE62-1BC0-4E3D-B1C4-CCB23DFABB7C}.Release|iPhone.Build.0 = Release|Any CPU
		{232BDE62-1BC0-4E3D-B1C4-CCB23DFABB7C}.Release|iPhone.Deploy.0 = Release|Any CPU
		{232BDE62-1BC0-4E3D-B1C4-CCB23DFABB7C}.Release|iPhoneSimulator.ActiveCfg = Release|Any CPU
		{232BDE62-1BC0-4E3D-B1C4-CCB23DFABB7C}.Release|iPhoneSimulator.Build.0 = Release|Any CPU
		{232BDE62-1BC0-4E3D-B1C4-CCB23DFABB7C}.Release|iPhoneSimulator.Deploy.0 = Release|Any CPU
	EndGlobalSection
	GlobalSection(SolutionProperties) = preSolution
		HideSolutionNode = FALSE
	EndGlobalSection
	GlobalSection(ExtensibilityGlobals) = postSolution
		SolutionGuid = {4709C5FE-D9ED-4EAE-8146-DF9B67B5401F}
	EndGlobalSection
EndGlobal
